
Microsoft Visual Studio Solution File, Format Version 12.00
# Visual Studio Version 16
VisualStudioVersion = 16.0.808.0
MinimumVisualStudioVersion = 10.0.40219.1
Project("{FAE04EC0-301F-11D3-BF4B-00C04F79EFBC}") = "Advent1", "Advent1\Advent1.csproj", "{4B09A6B4-AD3D-4AD2-82FE-103A259AC7F9}"
EndProject
Project("{FAE04EC0-301F-11D3-BF4B-00C04F79EFBC}") = "Advent1Tests", "Advent1Tests\Advent1Tests.csproj", "{B1AF5404-37D5-49FA-A33B-1B11640F5161}"
EndProject
Global
	GlobalSection(SolutionConfigurationPlatforms) = preSolution
		Debug|Any CPU = Debug|Any CPU
		Release|Any CPU = Release|Any CPU
	EndGlobalSection
	GlobalSection(ProjectConfigurationPlatforms) = postSolution
		{4B09A6B4-AD3D-4AD2-82FE-103A259AC7F9}.Debug|Any CPU.ActiveCfg = Debug|Any CPU
		{4B09A6B4-AD3D-4AD2-82FE-103A259AC7F9}.Debug|Any CPU.Build.0 = Debug|Any CPU
		{4B09A6B4-AD3D-4AD2-82FE-103A259AC7F9}.Release|Any CPU.ActiveCfg = Release|Any CPU
		{4B09A6B4-AD3D-4AD2-82FE-103A259AC7F9}.Release|Any CPU.Build.0 = Release|Any CPU
		{B1AF5404-37D5-49FA-A33B-1B11640F5161}.Debug|Any CPU.ActiveCfg = Debug|Any CPU
		{B1AF5404-37D5-49FA-A33B-1B11640F5161}.Debug|Any CPU.Build.0 = Debug|Any CPU
		{B1AF5404-37D5-49FA-A33B-1B11640F5161}.Release|Any CPU.ActiveCfg = Release|Any CPU
		{B1AF5404-37D5-49FA-A33B-1B11640F5161}.Release|Any CPU.Build.0 = Release|Any CPU
	EndGlobalSection
	GlobalSection(SolutionProperties) = preSolution
		HideSolutionNode = FALSE
	EndGlobalSection
	GlobalSection(ExtensibilityGlobals) = postSolution
		SolutionGuid = {06959267-DFC0-4AA3-9093-D2C29DA0F7DF}
	EndGlobalSection
EndGlobal
